
Microsoft Visual Studio Solution File, Format Version 12.00
# Visual Studio 15
VisualStudioVersion = 15.0.28010.2016
MinimumVisualStudioVersion = 10.0.40219.1
Project("{9A19103F-16F7-4668-BE54-9A1E7A4F7556}") = "IBCode.ObservableComputations", "IBCode.ObservableComputations\ObservableComputations.csproj", "{4944E4B6-FCDF-4A01-B078-B155BA282223}"
EndProject
Project("{9A19103F-16F7-4668-BE54-9A1E7A4F7556}") = "IBCode.ObservableComputations.Test", "IBCode.ObservableComputations.Test\ObservableComputations.Test.csproj", "{067456C0-086C-46A8-B37F-1405717B7BFC}"
EndProject
Project("{2150E333-8FDC-42A3-9474-1A3956D46DE8}") = "Solution Items", "Solution Items", "{D1532DE3-3140-4BAA-B801-7D5DA24713D5}"
	ProjectSection(SolutionItems) = preProject
		..\README.md = ..\README.md
	EndProjectSection
EndProject
Global
	GlobalSection(SolutionConfigurationPlatforms) = preSolution
		Debug|Any CPU = Debug|Any CPU
		Debug|x86 = Debug|x86
		Release|Any CPU = Release|Any CPU
		Release|x86 = Release|x86
	EndGlobalSection
	GlobalSection(ProjectConfigurationPlatforms) = postSolution
		{4944E4B6-FCDF-4A01-B078-B155BA282223}.Debug|Any CPU.ActiveCfg = Debug|Any CPU
		{4944E4B6-FCDF-4A01-B078-B155BA282223}.Debug|Any CPU.Build.0 = Debug|Any CPU
		{4944E4B6-FCDF-4A01-B078-B155BA282223}.Debug|x86.ActiveCfg = Debug|x86
		{4944E4B6-FCDF-4A01-B078-B155BA282223}.Debug|x86.Build.0 = Debug|x86
		{4944E4B6-FCDF-4A01-B078-B155BA282223}.Release|Any CPU.ActiveCfg = Release|Any CPU
		{4944E4B6-FCDF-4A01-B078-B155BA282223}.Release|Any CPU.Build.0 = Release|Any CPU
		{4944E4B6-FCDF-4A01-B078-B155BA282223}.Release|x86.ActiveCfg = Release|x86
		{4944E4B6-FCDF-4A01-B078-B155BA282223}.Release|x86.Build.0 = Release|x86
		{067456C0-086C-46A8-B37F-1405717B7BFC}.Debug|Any CPU.ActiveCfg = Debug|Any CPU
		{067456C0-086C-46A8-B37F-1405717B7BFC}.Debug|Any CPU.Build.0 = Debug|Any CPU
		{067456C0-086C-46A8-B37F-1405717B7BFC}.Debug|x86.ActiveCfg = Debug|x86
		{067456C0-086C-46A8-B37F-1405717B7BFC}.Debug|x86.Build.0 = Debug|x86
		{067456C0-086C-46A8-B37F-1405717B7BFC}.Release|Any CPU.ActiveCfg = Release|Any CPU
		{067456C0-086C-46A8-B37F-1405717B7BFC}.Release|Any CPU.Build.0 = Release|Any CPU
		{067456C0-086C-46A8-B37F-1405717B7BFC}.Release|x86.ActiveCfg = Release|x86
		{067456C0-086C-46A8-B37F-1405717B7BFC}.Release|x86.Build.0 = Release|x86
	EndGlobalSection
	GlobalSection(SolutionProperties) = preSolution
		HideSolutionNode = FALSE
	EndGlobalSection
	GlobalSection(ExtensibilityGlobals) = postSolution
		SolutionGuid = {6E86DB1C-C599-47CB-A37E-AE6FCF0706B6}
	EndGlobalSection
EndGlobal
